
Microsoft Visual Studio Solution File, Format Version 12.00
# Visual Studio Version 17
VisualStudioVersion = 17.11.35327.3
MinimumVisualStudioVersion = 10.0.40219.1
Project("{FAE04EC0-301F-11D3-BF4B-00C04F79EFBC}") = "KikiDelivery.Console", "KikiDelivery.Console.csproj", "{4FA1FCEB-3727-4F88-8FC9-D2F86FF78F57}"
EndProject
Project("{FAE04EC0-301F-11D3-BF4B-00C04F79EFBC}") = "KikiDelivery.Tests", "..\KikiDelivery.Tests\KikiDelivery.Tests.csproj", "{94B959BB-4D47-487D-99AE-ADE9D215B605}"
EndProject
Global
	GlobalSection(SolutionConfigurationPlatforms) = preSolution
		Debug|Any CPU = Debug|Any CPU
		Release|Any CPU = Release|Any CPU
	EndGlobalSection
	GlobalSection(ProjectConfigurationPlatforms) = postSolution
		{4FA1FCEB-3727-4F88-8FC9-D2F86FF78F57}.Debug|Any CPU.ActiveCfg = Debug|Any CPU
		{4FA1FCEB-3727-4F88-8FC9-D2F86FF78F57}.Debug|Any CPU.Build.0 = Debug|Any CPU
		{4FA1FCEB-3727-4F88-8FC9-D2F86FF78F57}.Release|Any CPU.ActiveCfg = Release|Any CPU
		{4FA1FCEB-3727-4F88-8FC9-D2F86FF78F57}.Release|Any CPU.Build.0 = Release|Any CPU
		{94B959BB-4D47-487D-99AE-ADE9D215B605}.Debug|Any CPU.ActiveCfg = Debug|Any CPU
		{94B959BB-4D47-487D-99AE-ADE9D215B605}.Debug|Any CPU.Build.0 = Debug|Any CPU
		{94B959BB-4D47-487D-99AE-ADE9D215B605}.Release|Any CPU.ActiveCfg = Release|Any CPU
		{94B959BB-4D47-487D-99AE-ADE9D215B605}.Release|Any CPU.Build.0 = Release|Any CPU
	EndGlobalSection
	GlobalSection(SolutionProperties) = preSolution
		HideSolutionNode = FALSE
	EndGlobalSection
	GlobalSection(ExtensibilityGlobals) = postSolution
		SolutionGuid = {750F7D4C-22AA-4400-9178-E8FE903C5354}
	EndGlobalSection
EndGlobal
